
Microsoft Visual Studio Solution File, Format Version 12.00
# Visual Studio Version 17
VisualStudioVersion = 17.0.31903.59
MinimumVisualStudioVersion = 10.0.40219.1
Project("{2150E333-8FDC-42A3-9474-1A3956D46DE8}") = "src", "src", "{827E0CD3-B72D-47B6-A68D-7590B98EB39B}"
EndProject
Project("{FAE04EC0-301F-11D3-BF4B-00C04F79EFBC}") = "GpuManager.Core", "src\GpuManager.Core\GpuManager.Core.csproj", "{FFCE2913-309E-47F3-AA63-33417C6C6233}"
EndProject
Project("{FAE04EC0-301F-11D3-BF4B-00C04F79EFBC}") = "GpuManager.App", "src\GpuManager.App\GpuManager.App.csproj", "{5598B965-F42C-4CE8-ADF5-DAADF6973C36}"
EndProject
Project("{FAE04EC0-301F-11D3-BF4B-00C04F79EFBC}") = "GpuManager.Agent", "src\GpuManager.Agent\GpuManager.Agent.csproj", "{675CB774-F70C-43E6-84CF-7A6F7EB84829}"
EndProject
Project("{2150E333-8FDC-42A3-9474-1A3956D46DE8}") = "tests", "tests", "{0AB3BF05-4346-4AA6-1389-037BE0695223}"
EndProject
Project("{FAE04EC0-301F-11D3-BF4B-00C04F79EFBC}") = "GpuManager.Tests", "tests\GpuManager.Tests\GpuManager.Tests.csproj", "{A1EBF829-2754-4305-9404-EE02B314EEA2}"
EndProject
Global
	GlobalSection(SolutionConfigurationPlatforms) = preSolution
		Debug|Any CPU = Debug|Any CPU
		Debug|x64 = Debug|x64
		Debug|x86 = Debug|x86
		Release|Any CPU = Release|Any CPU
		Release|x64 = Release|x64
		Release|x86 = Release|x86
	EndGlobalSection
	GlobalSection(ProjectConfigurationPlatforms) = postSolution
		{FFCE2913-309E-47F3-AA63-33417C6C6233}.Debug|Any CPU.ActiveCfg = Debug|Any CPU
		{FFCE2913-309E-47F3-AA63-33417C6C6233}.Debug|Any CPU.Build.0 = Debug|Any CPU
		{FFCE2913-309E-47F3-AA63-33417C6C6233}.Debug|x64.ActiveCfg = Debug|Any CPU
		{FFCE2913-309E-47F3-AA63-33417C6C6233}.Debug|x64.Build.0 = Debug|Any CPU
		{FFCE2913-309E-47F3-AA63-33417C6C6233}.Debug|x86.ActiveCfg = Debug|Any CPU
		{FFCE2913-309E-47F3-AA63-33417C6C6233}.Debug|x86.Build.0 = Debug|Any CPU
		{FFCE2913-309E-47F3-AA63-33417C6C6233}.Release|Any CPU.ActiveCfg = Release|Any CPU
		{FFCE2913-309E-47F3-AA63-33417C6C6233}.Release|Any CPU.Build.0 = Release|Any CPU
		{FFCE2913-309E-47F3-AA63-33417C6C6233}.Release|x64.ActiveCfg = Release|Any CPU
		{FFCE2913-309E-47F3-AA63-33417C6C6233}.Release|x64.Build.0 = Release|Any CPU
		{FFCE2913-309E-47F3-AA63-33417C6C6233}.Release|x86.ActiveCfg = Release|Any CPU
		{FFCE2913-309E-47F3-AA63-33417C6C6233}.Release|x86.Build.0 = Release|Any CPU
		{5598B965-F42C-4CE8-ADF5-DAADF6973C36}.Debug|Any CPU.ActiveCfg = Debug|Any CPU
		{5598B965-F42C-4CE8-ADF5-DAADF6973C36}.Debug|Any CPU.Build.0 = Debug|Any CPU
		{5598B965-F42C-4CE8-ADF5-DAADF6973C36}.Debug|x64.ActiveCfg = Debug|Any CPU
		{5598B965-F42C-4CE8-ADF5-DAADF6973C36}.Debug|x64.Build.0 = Debug|Any CPU
		{5598B965-F42C-4CE8-ADF5-DAADF6973C36}.Debug|x86.ActiveCfg = Debug|Any CPU
		{5598B965-F42C-4CE8-ADF5-DAADF6973C36}.Debug|x86.Build.0 = Debug|Any CPU
		{5598B965-F42C-4CE8-ADF5-DAADF6973C36}.Release|Any CPU.ActiveCfg = Release|Any CPU
		{5598B965-F42C-4CE8-ADF5-DAADF6973C36}.Release|Any CPU.Build.0 = Release|Any CPU
		{5598B965-F42C-4CE8-ADF5-DAADF6973C36}.Release|x64.ActiveCfg = Release|Any CPU
		{5598B965-F42C-4CE8-ADF5-DAADF6973C36}.Release|x64.Build.0 = Release|Any CPU
		{5598B965-F42C-4CE8-ADF5-DAADF6973C36}.Release|x86.ActiveCfg = Release|Any CPU
		{5598B965-F42C-4CE8-ADF5-DAADF6973C36}.Release|x86.Build.0 = Release|Any CPU
		{675CB774-F70C-43E6-84CF-7A6F7EB84829}.Debug|Any CPU.ActiveCfg = Debug|Any CPU
		{675CB774-F70C-43E6-84CF-7A6F7EB84829}.Debug|Any CPU.Build.0 = Debug|Any CPU
		{675CB774-F70C-43E6-84CF-7A6F7EB84829}.Debug|x64.ActiveCfg = Debug|Any CPU
		{675CB774-F70C-43E6-84CF-7A6F7EB84829}.Debug|x64.Build.0 = Debug|Any CPU
		{675CB774-F70C-43E6-84CF-7A6F7EB84829}.Debug|x86.ActiveCfg = Debug|Any CPU
		{675CB774-F70C-43E6-84CF-7A6F7EB84829}.Debug|x86.Build.0 = Debug|Any CPU
		{675CB774-F70C-43E6-84CF-7A6F7EB84829}.Release|Any CPU.ActiveCfg = Release|Any CPU
		{675CB774-F70C-43E6-84CF-7A6F7EB84829}.Release|Any CPU.Build.0 = Release|Any CPU
		{675CB774-F70C-43E6-84CF-7A6F7EB84829}.Release|x64.ActiveCfg = Release|Any CPU
		{675CB774-F70C-43E6-84CF-7A6F7EB84829}.Release|x64.Build.0 = Release|Any CPU
		{675CB774-F70C-43E6-84CF-7A6F7EB84829}.Release|x86.ActiveCfg = Release|Any CPU
		{675CB774-F70C-43E6-84CF-7A6F7EB84829}.Release|x86.Build.0 = Release|Any CPU
		{A1EBF829-2754-4305-9404-EE02B314EEA2}.Debug|Any CPU.ActiveCfg = Debug|Any CPU
		{A1EBF829-2754-4305-9404-EE02B314EEA2}.Debug|Any CPU.Build.0 = Debug|Any CPU
		{A1EBF829-2754-4305-9404-EE02B314EEA2}.Debug|x64.ActiveCfg = Debug|Any CPU
		{A1EBF829-2754-4305-9404-EE02B314EEA2}.Debug|x64.Build.0 = Debug|Any CPU
		{A1EBF829-2754-4305-9404-EE02B314EEA2}.Debug|x86.ActiveCfg = Debug|Any CPU
		{A1EBF829-2754-4305-9404-EE02B314EEA2}.Debug|x86.Build.0 = Debug|Any CPU
		{A1EBF829-2754-4305-9404-EE02B314EEA2}.Release|Any CPU.ActiveCfg = Release|Any CPU
		{A1EBF829-2754-4305-9404-EE02B314EEA2}.Release|Any CPU.Build.0 = Release|Any CPU
		{A1EBF829-2754-4305-9404-EE02B314EEA2}.Release|x64.ActiveCfg = Release|Any CPU
		{A1EBF829-2754-4305-9404-EE02B314EEA2}.Release|x64.Build.0 = Release|Any CPU
		{A1EBF829-2754-4305-9404-EE02B314EEA2}.Release|x86.ActiveCfg = Release|Any CPU
		{A1EBF829-2754-4305-9404-EE02B314EEA2}.Release|x86.Build.0 = Release|Any CPU
	EndGlobalSection
	GlobalSection(SolutionProperties) = preSolution
		HideSolutionNode = FALSE
	EndGlobalSection
	GlobalSection(NestedProjects) = preSolution
		{FFCE2913-309E-47F3-AA63-33417C6C6233} = {827E0CD3-B72D-47B6-A68D-7590B98EB39B}
		{5598B965-F42C-4CE8-ADF5-DAADF6973C36} = {827E0CD3-B72D-47B6-A68D-7590B98EB39B}
		{675CB774-F70C-43E6-84CF-7A6F7EB84829} = {827E0CD3-B72D-47B6-A68D-7590B98EB39B}
		{A1EBF829-2754-4305-9404-EE02B314EEA2} = {0AB3BF05-4346-4AA6-1389-037BE0695223}
	EndGlobalSection
EndGlobal
